// !$*UTF8*$!
{
	archiveVersion = 1;
	classes = {
	};
	objectVersion = 46;
	objects = {

/* Begin PBXBuildFile section */
		F89C44831B4F872200C82E44 /* main.m in Sources */ = {isa = PBXBuildFile; fileRef = F89C44821B4F872200C82E44 /* main.m */; };
		F89C44861B4F872200C82E44 /* AppDelegate.m in Sources */ = {isa = PBXBuildFile; fileRef = F89C44851B4F872200C82E44 /* AppDelegate.m */; };
		F89C44891B4F872200C82E44 /* ViewController.m in Sources */ = {isa = PBXBuildFile; fileRef = F89C44881B4F872200C82E44 /* ViewController.m */; };
		F89C448C1B4F872200C82E44 /* Main.storyboard in Resources */ = {isa = PBXBuildFile; fileRef = F89C448A1B4F872200C82E44 /* Main.storyboard */; };
		F89C448E1B4F872200C82E44 /* Images.xcassets in Resources */ = {isa = PBXBuildFile; fileRef = F89C448D1B4F872200C82E44 /* Images.xcassets */; };
		F89C44911B4F872200C82E44 /* LaunchScreen.xib in Resources */ = {isa = PBXBuildFile; fileRef = F89C448F1B4F872200C82E44 /* LaunchScreen.xib */; };
		F89C449D1B4F872200C82E44 /* Launch_for_play_video_demoTests.m in Sources */ = {isa = PBXBuildFile; fileRef = F89C449C1B4F872200C82E44 /* Launch_for_play_video_demoTests.m */; };
		F89C44A81B4F87EA00C82E44 /* donghua.mp4 in Resources */ = {isa = PBXBuildFile; fileRef = F89C44A71B4F87EA00C82E44 /* donghua.mp4 */; };
/* End PBXBuildFile section */

/* Begin PBXContainerItemProxy section */
		F89C44971B4F872200C82E44 /* PBXContainerItemProxy */ = {
			isa = PBXContainerItemProxy;
			containerPortal = F89C44751B4F872200C82E44 /* Project object */;
			proxyType = 1;
			remoteGlobalIDString = F89C447C1B4F872200C82E44;
			remoteInfo = "Launch-for-play-video-demo";
		};
/* End PBXContainerItemProxy section */

/* Begin PBXFileReference section */
		F89C447D1B4F872200C82E44 /* Launch-for-play-video-demo.app */ = {isa = PBXFileReference; explicitFileType = wrapper.application; includeInIndex = 0; path = "Launch-for-play-video-demo.app"; sourceTree = BUILT_PRODUCTS_DIR; };
		F89C44811B4F872200C82E44 /* Info.plist */ = {isa = PBXFileReference; lastKnownFileType = text.plist.xml; path = Info.plist; sourceTree = "<group>"; };
		F89C44821B4F872200C82E44 /* main.m */ = {isa = PBXFileReference; lastKnownFileType = sourcecode.c.objc; path = main.m; sourceTree = "<group>"; };
		F89C44841B4F872200C82E44 /* AppDelegate.h */ = {isa = PBXFileReference; lastKnownFileType = sourcecode.c.h; path = AppDelegate.h; sourceTree = "<group>"; };
		F89C44851B4F872200C82E44 /* AppDelegate.m */ = {isa = PBXFileReference; lastKnownFileType = sourcecode.c.objc; path = AppDelegate.m; sourceTree = "<group>"; };
		F89C44871B4F872200C82E44 /* ViewController.h */ = {isa = PBXFileReference; lastKnownFileType = sourcecode.c.h; path = ViewController.h; sourceTree = "<group>"; };
		F89C44881B4F872200C82E44 /* ViewController.m */ = {isa = PBXFileReference; lastKnownFileType = sourcecode.c.objc; path = ViewController.m; sourceTree = "<group>"; };
		F89C448B1B4F872200C82E44 /* Base */ = {isa = PBXFileReference; lastKnownFileType = file.storyboard; name = Base; path = Base.lproj/Main.storyboard; sourceTree = "<group>"; };
		F89C448D1B4F872200C82E44 /* Images.xcassets */ = {isa = PBXFileReference; lastKnownFileType = folder.assetcatalog; path = Images.xcassets; sourceTree = "<group>"; };
		F89C44901B4F872200C82E44 /* Base */ = {isa = PBXFileReference; lastKnownFileType = file.xib; name = Base; path = Base.lproj/LaunchScreen.xib; sourceTree = "<group>"; };
		F89C44961B4F872200C82E44 /* Launch-for-play-video-demoTests.xctest */ = {isa = PBXFileReference; explicitFileType = wrapper.cfbundle; includeInIndex = 0; path = "Launch-for-play-video-demoTests.xctest"; sourceTree = BUILT_PRODUCTS_DIR; };
		F89C449B1B4F872200C82E44 /* Info.plist */ = {isa = PBXFileReference; lastKnownFileType = text.plist.xml; path = Info.plist; sourceTree = "<group>"; };
		F89C449C1B4F872200C82E44 /* Launch_for_play_video_demoTests.m */ = {isa = PBXFileReference; lastKnownFileType = sourcecode.c.objc; path = Launch_for_play_video_demoTests.m; sourceTree = "<group>"; };
		F89C44A71B4F87EA00C82E44 /* donghua.mp4 */ = {isa = PBXFileReference; lastKnownFileType = file; path = donghua.mp4; sourceTree = "<group>"; };
/* End PBXFileReference section */

/* Begin PBXFrameworksBuildPhase section */
		F89C447A1B4F872200C82E44 /* Frameworks */ = {
			isa = PBXFrameworksBuildPhase;
			buildActionMask = 2147483647;
			files = (
			);
			runOnlyForDeploymentPostprocessing = 0;
		};
		F89C44931B4F872200C82E44 /* Frameworks */ = {
			isa = PBXFrameworksBuildPhase;
			buildActionMask = 2147483647;
			files = (
			);
			runOnlyForDeploymentPostprocessing = 0;
		};
/* End PBXFrameworksBuildPhase section */

/* Begin PBXGroup section */
		F89C44741B4F872200C82E44 = {
			isa = PBXGroup;
			children = (
				F89C44A61B4F87EA00C82E44 /* Resources */,
				F89C447F1B4F872200C82E44 /* Launch-for-play-video-demo */,
				F89C44991B4F872200C82E44 /* Launch-for-play-video-demoTests */,
				F89C447E1B4F872200C82E44 /* Products */,
			);
			sourceTree = "<group>";
		};
		F89C447E1B4F872200C82E44 /* Products */ = {
			isa = PBXGroup;
			children = (
				F89C447D1B4F872200C82E44 /* Launch-for-play-video-demo.app */,
				F89C44961B4F872200C82E44 /* Launch-for-play-video-demoTests.xctest */,
			);
			name = Products;
			sourceTree = "<group>";
		};
		F89C447F1B4F872200C82E44 /* Launch-for-play-video-demo */ = {
			isa = PBXGroup;
			children = (
				F89C44841B4F872200C82E44 /* AppDelegate.h */,
				F89C44851B4F872200C82E44 /* AppDelegate.m */,
				F89C44871B4F872200C82E44 /* ViewController.h */,
				F89C44881B4F872200C82E44 /* ViewController.m */,
				F89C448A1B4F872200C82E44 /* Main.storyboard */,
				F89C448D1B4F872200C82E44 /* Images.xcassets */,
				F89C448F1B4F872200C82E44 /* LaunchScreen.xib */,
				F89C44801B4F872200C82E44 /* Supporting Files */,
			);
			path = "Launch-for-play-video-demo";
			sourceTree = "<group>";
		};
		F89C44801B4F872200C82E44 /* Supporting Files */ = {
			isa = PBXGroup;
			children = (
				F89C44811B4F872200C82E44 /* Info.plist */,
				F89C44821B4F872200C82E44 /* main.m */,
			);
			name = "Supporting Files";
			sourceTree = "<group>";
		};
		F89C44991B4F872200C82E44 /* Launch-for-play-video-demoTests */ = {
			isa = PBXGroup;
			children = (
				F89C449C1B4F872200C82E44 /* Launch_for_play_video_demoTests.m */,
				F89C449A1B4F872200C82E44 /* Supporting Files */,
			);
			path = "Launch-for-play-video-demoTests";
			sourceTree = "<group>";
		};
		F89C449A1B4F872200C82E44 /* Supporting Files */ = {
			isa = PBXGroup;
			children = (
				F89C449B1B4F872200C82E44 /* Info.plist */,
			);
			name = "Supporting Files";
			sourceTree = "<group>";
		};
		F89C44A61B4F87EA00C82E44 /* Resources */ = {
			isa = PBXGroup;
			children = (
				F89C44A71B4F87EA00C82E44 /* donghua.mp4 */,
			);
			path = Resources;
			sourceTree = "<group>";
		};
/* End PBXGroup section */

/* Begin PBXNativeTarget section */
		F89C447C1B4F872200C82E44 /* Launch-for-play-video-demo */ = {
			isa = PBXNativeTarget;
			buildConfigurationList = F89C44A01B4F872200C82E44 /* Build configuration list for PBXNativeTarget "Launch-for-play-video-demo" */;
			buildPhases = (
				F89C44791B4F872200C82E44 /* Sources */,
				F89C447A1B4F872200C82E44 /* Frameworks */,
				F89C447B1B4F872200C82E44 /* Resources */,
			);
			buildRules = (
			);
			dependencies = (
			);
			name = "Launch-for-play-video-demo";
			productName = "Launch-for-play-video-demo";
			productReference = F89C447D1B4F872200C82E44 /* Launch-for-play-video-demo.app */;
			productType = "com.apple.product-type.application";
		};
		F89C44951B4F872200C82E44 /* Launch-for-play-video-demoTests */ = {
			isa = PBXNativeTarget;
			buildConfigurationList = F89C44A31B4F872200C82E44 /* Build configuration list for PBXNativeTarget "Launch-for-play-video-demoTests" */;
			buildPhases = (
				F89C44921B4F872200C82E44 /* Sources */,
				F89C44931B4F872200C82E44 /* Frameworks */,
				F89C44941B4F872200C82E44 /* Resources */,
			);
			buildRules = (
			);
			dependencies = (
				F89C44981B4F872200C82E44 /* PBXTargetDependency */,
			);
			name = "Launch-for-play-video-demoTests";
			productName = "Launch-for-play-video-demoTests";
			productReference = F89C44961B4F872200C82E44 /* Launch-for-play-video-demoTests.xctest */;
			productType = "com.apple.product-type.bundle.unit-test";
		};
/* End PBXNativeTarget section */

/* Begin PBXProject section */
		F89C44751B4F872200C82E44 /* Project object */ = {
			isa = PBXProject;
			attributes = {
				LastUpgradeCheck = 0640;
				ORGANIZATIONNAME = ZB;
				TargetAttributes = {
					F89C447C1B4F872200C82E44 = {
						CreatedOnToolsVersion = 6.4;
					};
					F89C44951B4F872200C82E44 = {
						CreatedOnToolsVersion = 6.4;
						TestTargetID = F89C447C1B4F872200C82E44;
					};
				};
			};
			buildConfigurationList = F89C44781B4F872200C82E44 /* Build configuration list for PBXProject "Launch-for-play-video-demo" */;
			compatibilityVersion = "Xcode 3.2";
			developmentRegion = English;
			hasScannedForEncodings = 0;
			knownRegions = (
				en,
				Base,
			);
			mainGroup = F89C44741B4F872200C82E44;
			productRefGroup = F89C447E1B4F872200C82E44 /* Products */;
			projectDirPath = "";
			projectRoot = "";
			targets = (
				F89C447C1B4F872200C82E44 /* Launch-for-play-video-demo */,
				F89C44951B4F872200C82E44 /* Launch-for-play-video-demoTests */,
			);
		};
/* End PBXProject section */

/* Begin PBXResourcesBuildPhase section */
		F89C447B1B4F872200C82E44 /* Resources */ = {
			isa = PBXResourcesBuildPhase;
			buildActionMask = 2147483647;
			files = (
				F89C44A81B4F87EA00C82E44 /* donghua.mp4 in Resources */,
				F89C448C1B4F872200C82E44 /* Main.storyboard in Resources */,
				F89C44911B4F872200C82E44 /* LaunchScreen.xib in Resources */,
				F89C448E1B4F872200C82E44 /* Images.xcassets in Resources */,
			);
			runOnlyForDeploymentPostprocessing = 0;
		};
		F89C44941B4F872200C82E44 /* Resources */ = {
			isa = PBXResourcesBuildPhase;
			buildActionMask = 2147483647;
			files = (
			);
			runOnlyForDeploymentPostprocessing = 0;
		};
/* End PBXResourcesBuildPhase section */

/* Begin PBXSourcesBuildPhase section */
		F89C44791B4F872200C82E44 /* Sources */ = {
			isa = PBXSourcesBuildPhase;
			buildActionMask = 2147483647;
			files = (
				F89C44891B4F872200C82E44 /* ViewController.m in Sources */,
				F89C44861B4F872200C82E44 /* AppDelegate.m in Sources */,
				F89C44831B4F872200C82E44 /* main.m in Sources */,
			);
			runOnlyForDeploymentPostprocessing = 0;
		};
		F89C44921B4F872200C82E44 /* Sources */ = {
			isa = PBXSourcesBuildPhase;
			buildActionMask = 2147483647;
			files = (
				F89C449D1B4F872200C82E44 /* Launch_for_play_video_demoTests.m in Sources */,
			);
			runOnlyForDeploymentPostprocessing = 0;
		};
/* End PBXSourcesBuildPhase section */

/* Begin PBXTargetDependency section */
		F89C44981B4F872200C82E44 /* PBXTargetDependency */ = {
			isa = PBXTargetDependency;
			target = F89C447C1B4F872200C82E44 /* Launch-for-play-video-demo */;
			targetProxy = F89C44971B4F872200C82E44 /* PBXContainerItemProxy */;
		};
/* End PBXTargetDependency section */

/* Begin PBXVariantGroup section */
		F89C448A1B4F872200C82E44 /* Main.storyboard */ = {
			isa = PBXVariantGroup;
			children = (
				F89C448B1B4F872200C82E44 /* Base */,
			);
			name = Main.storyboard;
			sourceTree = "<group>";
		};
		F89C448F1B4F872200C82E44 /* LaunchScreen.xib */ = {
			isa = PBXVariantGroup;
			children = (
				F89C44901B4F872200C82E44 /* Base */,
			);
			name = LaunchScreen.xib;
			sourceTree = "<group>";
		};
/* End PBXVariantGroup section */

/* Begin XCBuildConfiguration section */
		F89C449E1B4F872200C82E44 /* Debug */ = {
			isa = XCBuildConfiguration;
			buildSettings = {
				ALWAYS_SEARCH_USER_PATHS = NO;
				CLANG_CXX_LANGUAGE_STANDARD = "gnu++0x";
				CLANG_CXX_LIBRARY = "libc++";
				CLANG_ENABLE_MODULES = YES;
				CLANG_ENABLE_OBJC_ARC = YES;
				CLANG_WARN_BOOL_CONVERSION = YES;
				CLANG_WARN_CONSTANT_CONVERSION = YES;
				CLANG_WARN_DIRECT_OBJC_ISA_USAGE = YES_ERROR;
				CLANG_WARN_EMPTY_BODY = YES;
				CLANG_WARN_ENUM_CONVERSION = YES;
				CLANG_WARN_INT_CONVERSION = YES;
				CLANG_WARN_OBJC_ROOT_CLASS = YES_ERROR;
				CLANG_WARN_UNREACHABLE_CODE = YES;
				CLANG_WARN__DUPLICATE_METHOD_MATCH = YES;
				"CODE_SIGN_IDENTITY[sdk=iphoneos*]" = "iPhone Developer";
				COPY_PHASE_STRIP = NO;
				DEBUG_INFORMATION_FORMAT = "dwarf-with-dsym";
				ENABLE_STRICT_OBJC_MSGSEND = YES;
				GCC_C_LANGUAGE_STANDARD = gnu99;
				GCC_DYNAMIC_NO_PIC = NO;
				GCC_NO_COMMON_BLOCKS = YES;
				GCC_OPTIMIZATION_LEVEL = 0;
				GCC_PREPROCESSOR_DEFINITIONS = (
					"DEBUG=1",
					"$(inherited)",
				);
				GCC_SYMBOLS_PRIVATE_EXTERN = NO;
				GCC_WARN_64_TO_32_BIT_CONVERSION = YES;
				GCC_WARN_ABOUT_RETURN_TYPE = YES_ERROR;
				GCC_WARN_UNDECLARED_SELECTOR = YES;
				GCC_WARN_UNINITIALIZED_AUTOS = YES_AGGRESSIVE;
				GCC_WARN_UNUSED_FUNCTION = YES;
				GCC_WARN_UNUSED_VARIABLE = YES;
				IPHONEOS_DEPLOYMENT_TARGET = 8.4;
				MTL_ENABLE_DEBUG_INFO = YES;
				ONLY_ACTIVE_ARCH = YES;
				SDKROOT = iphoneos;
				TARGETED_DEVICE_FAMILY = "1,2";
			};
			name = Debug;
		};
		F89C449F1B4F872200C82E44 /* Release */ = {
			isa = XCBuildConfiguration;
			buildSettings = {
				ALWAYS_SEARCH_USER_PATHS = NO;
				CLANG_CXX_LANGUAGE_STANDARD = "gnu++0x";
				CLANG_CXX_LIBRARY = "libc++";
				CLANG_ENABLE_MODULES = YES;
				CLANG_ENABLE_OBJC_ARC = YES;
				CLANG_WARN_BOOL_CONVERSION = YES;
				CLANG_WARN_CONSTANT_CONVERSION = YES;
				CLANG_WARN_DIRECT_OBJC_ISA_USAGE = YES_ERROR;
				CLANG_WARN_EMPTY_BODY = YES;
				CLANG_WARN_ENUM_CONVERSION = YES;
				CLANG_WARN_INT_CONVERSION = YES;
				CLANG_WARN_OBJC_ROOT_CLASS = YES_ERROR;
				CLANG_WARN_UNREACHABLE_CODE = YES;
				CLANG_WARN__DUPLICATE_METHOD_MATCH = YES;
				"CODE_SIGN_IDENTITY[sdk=iphoneos*]" = "iPhone Developer";
				COPY_PHASE_STRIP = NO;
				DEBUG_INFORMATION_FORMAT = "dwarf-with-dsym";
				ENABLE_NS_ASSERTIONS = NO;
				ENABLE_STRICT_OBJC_MSGSEND = YES;
				GCC_C_LANGUAGE_STANDARD = gnu99;
				GCC_NO_COMMON_BLOCKS = YES;
				GCC_WARN_64_TO_32_BIT_CONVERSION = YES;
				GCC_WARN_ABOUT_RETURN_TYPE = YES_ERROR;
				GCC_WARN_UNDECLARED_SELECTOR = YES;
				GCC_WARN_UNINITIALIZED_AUTOS = YES_AGGRESSIVE;
				GCC_WARN_UNUSED_FUNCTION = YES;
				GCC_WARN_UNUSED_VARIABLE = YES;
				IPHONEOS_DEPLOYMENT_TARGET = 8.4;
				MTL_ENABLE_DEBUG_INFO = NO;
				SDKROOT = iphoneos;
				TARGETED_DEVICE_FAMILY = "1,2";
				VALIDATE_PRODUCT = YES;
			};
			name = Release;
		};
		F89C44A11B4F872200C82E44 /* Debug */ = {
			isa = XCBuildConfiguration;
			buildSettings = {
				ASSETCATALOG_COMPILER_APPICON_NAME = AppIcon;
				INFOPLIST_FILE = "Launch-for-play-video-demo/Info.plist";
				LD_RUNPATH_SEARCH_PATHS = "$(inherited) @executable_path/Frameworks";
				PRODUCT_NAME = "$(TARGET_NAME)";
			};
			name = Debug;
		};
		F89C44A21B4F872200C82E44 /* Release */ = {
			isa = XCBuildConfiguration;
			buildSettings = {
				ASSETCATALOG_COMPILER_APPICON_NAME = AppIcon;
				INFOPLIST_FILE = "Launch-for-play-video-demo/Info.plist";
				LD_RUNPATH_SEARCH_PATHS = "$(inherited) @executable_path/Frameworks";
				PRODUCT_NAME = "$(TARGET_NAME)";
			};
			name = Release;
		};
		F89C44A41B4F872200C82E44 /* Debug */ = {
			isa = XCBuildConfiguration;
			buildSettings = {
				BUNDLE_LOADER = "$(TEST_HOST)";
				FRAMEWORK_SEARCH_PATHS = (
					"$(SDKROOT)/Developer/Library/Frameworks",
					"$(inherited)",
				);
				GCC_PREPROCESSOR_DEFINITIONS = (
					"DEBUG=1",
					"$(inherited)",
				);
				INFOPLIST_FILE = "Launch-for-play-video-demoTests/Info.plist";
				LD_RUNPATH_SEARCH_PATHS = "$(inherited) @executable_path/Frameworks @loader_path/Frameworks";
				PRODUCT_NAME = "$(TARGET_NAME)";
				TEST_HOST = "$(BUILT_PRODUCTS_DIR)/Launch-for-play-video-demo.app/Launch-for-play-video-demo";
			};
			name = Debug;
		};
		F89C44A51B4F872200C82E44 /* Release */ = {
			isa = XCBuildConfiguration;
			buildSettings = {
				BUNDLE_LOADER = "$(TEST_HOST)";
				FRAMEWORK_SEARCH_PATHS = (
					"$(SDKROOT)/Developer/Library/Frameworks",
					"$(inherited)",
				);
				INFOPLIST_FILE = "Launch-for-play-video-demoTests/Info.plist";
				LD_RUNPATH_SEARCH_PATHS = "$(inherited) @executable_path/Frameworks @loader_path/Frameworks";
				PRODUCT_NAME = "$(TARGET_NAME)";
				TEST_HOST = "$(BUILT_PRODUCTS_DIR)/Launch-for-play-video-demo.app/Launch-for-play-video-demo";
			};
			name = Release;
		};
/* End XCBuildConfiguration section */

/* Begin XCConfigurationList section */
		F89C44781B4F872200C82E44 /* Build configuration list for PBXProject "Launch-for-play-video-demo" */ = {
			isa = XCConfigurationList;
			buildConfigurations = (
				F89C449E1B4F872200C82E44 /* Debug */,
				F89C449F1B4F872200C82E44 /* Release */,
			);
			defaultConfigurationIsVisible = 0;
			defaultConfigurationName = Release;
		};
		F89C44A01B4F872200C82E44 /* Build configuration list for PBXNativeTarget "Launch-for-play-video-demo" */ = {
			isa = XCConfigurationList;
			buildConfigurations = (
				F89C44A11B4F872200C82E44 /* Debug */,
				F89C44A21B4F872200C82E44 /* Release */,
			);
			defaultConfigurationIsVisible = 0;
		};
		F89C44A31B4F872200C82E44 /* Build configuration list for PBXNativeTarget "Launch-for-play-video-demoTests" */ = {
			isa = XCConfigurationList;
			buildConfigurations = (
				F89C44A41B4F872200C82E44 /* Debug */,
				F89C44A51B4F872200C82E44 /* Release */,
			);
			defaultConfigurationIsVisible = 0;
		};
/* End XCConfigurationList section */
	};
	rootObject = F89C44751B4F872200C82E44 /* Project object */;
}
